// !$*UTF8*$!
{
	archiveVersion = 1;
	classes = {
	};
	objectVersion = 46;
	objects = {

/* Begin PBXBuildFile section */
		29BBAF2B1EE7E31300AD7952 /* main.m in Sources */ = {isa = PBXBuildFile; fileRef = 29BBAF2A1EE7E31300AD7952 /* main.m */; };
		29BBAF2E1EE7E31300AD7952 /* AppDelegate.m in Sources */ = {isa = PBXBuildFile; fileRef = 29BBAF2D1EE7E31300AD7952 /* AppDelegate.m */; };
		29BBAF311EE7E31300AD7952 /* ViewController.m in Sources */ = {isa = PBXBuildFile; fileRef = 29BBAF301EE7E31300AD7952 /* ViewController.m */; };
		29BBAF341EE7E31300AD7952 /* Main.storyboard in Resources */ = {isa = PBXBuildFile; fileRef = 29BBAF321EE7E31300AD7952 /* Main.storyboard */; };
		29BBAF361EE7E31300AD7952 /* Assets.xcassets in Resources */ = {isa = PBXBuildFile; fileRef = 29BBAF351EE7E31300AD7952 /* Assets.xcassets */; };
		29BBAF391EE7E31300AD7952 /* LaunchScreen.storyboard in Resources */ = {isa = PBXBuildFile; fileRef = 29BBAF371EE7E31300AD7952 /* LaunchScreen.storyboard */; };
		29BBAF431EE7E35200AD7952 /* SNKeyboardScrollView.m in Sources */ = {isa = PBXBuildFile; fileRef = 29BBAF421EE7E35200AD7952 /* SNKeyboardScrollView.m */; };
/* End PBXBuildFile section */

/* Begin PBXFileReference section */
		29BBAF261EE7E31300AD7952 /* SNKeyboardScrollView.app */ = {isa = PBXFileReference; explicitFileType = wrapper.application; includeInIndex = 0; path = SNKeyboardScrollView.app; sourceTree = BUILT_PRODUCTS_DIR; };
		29BBAF2A1EE7E31300AD7952 /* main.m */ = {isa = PBXFileReference; lastKnownFileType = sourcecode.c.objc; path = main.m; sourceTree = "<group>"; };
		29BBAF2C1EE7E31300AD7952 /* AppDelegate.h */ = {isa = PBXFileReference; lastKnownFileType = sourcecode.c.h; path = AppDelegate.h; sourceTree = "<group>"; };
		29BBAF2D1EE7E31300AD7952 /* AppDelegate.m */ = {isa = PBXFileReference; lastKnownFileType = sourcecode.c.objc; path = AppDelegate.m; sourceTree = "<group>"; };
		29BBAF2F1EE7E31300AD7952 /* ViewController.h */ = {isa = PBXFileReference; lastKnownFileType = sourcecode.c.h; path = ViewController.h; sourceTree = "<group>"; };
		29BBAF301EE7E31300AD7952 /* ViewController.m */ = {isa = PBXFileReference; lastKnownFileType = sourcecode.c.objc; path = ViewController.m; sourceTree = "<group>"; };
		29BBAF331EE7E31300AD7952 /* Base */ = {isa = PBXFileReference; lastKnownFileType = file.storyboard; name = Base; path = Base.lproj/Main.storyboard; sourceTree = "<group>"; };
		29BBAF351EE7E31300AD7952 /* Assets.xcassets */ = {isa = PBXFileReference; lastKnownFileType = folder.assetcatalog; path = Assets.xcassets; sourceTree = "<group>"; };
		29BBAF381EE7E31300AD7952 /* Base */ = {isa = PBXFileReference; lastKnownFileType = file.storyboard; name = Base; path = Base.lproj/LaunchScreen.storyboard; sourceTree = "<group>"; };
		29BBAF3A1EE7E31300AD7952 /* Info.plist */ = {isa = PBXFileReference; lastKnownFileType = text.plist.xml; path = Info.plist; sourceTree = "<group>"; };
		29BBAF411EE7E35200AD7952 /* SNKeyboardScrollView.h */ = {isa = PBXFileReference; fileEncoding = 4; lastKnownFileType = sourcecode.c.h; path = SNKeyboardScrollView.h; sourceTree = "<group>"; };
		29BBAF421EE7E35200AD7952 /* SNKeyboardScrollView.m */ = {isa = PBXFileReference; fileEncoding = 4; lastKnownFileType = sourcecode.c.objc; path = SNKeyboardScrollView.m; sourceTree = "<group>"; };
/* End PBXFileReference section */

/* Begin PBXFrameworksBuildPhase section */
		29BBAF231EE7E31300AD7952 /* Frameworks */ = {
			isa = PBXFrameworksBuildPhase;
			buildActionMask = 2147483647;
			files = (
			);
			runOnlyForDeploymentPostprocessing = 0;
		};
/* End PBXFrameworksBuildPhase section */

/* Begin PBXGroup section */
		29BBAF1D1EE7E31300AD7952 = {
			isa = PBXGroup;
			children = (
				29BBAF281EE7E31300AD7952 /* SNKeyboardScrollView */,
				29BBAF271EE7E31300AD7952 /* Products */,
			);
			sourceTree = "<group>";
		};
		29BBAF271EE7E31300AD7952 /* Products */ = {
			isa = PBXGroup;
			children = (
				29BBAF261EE7E31300AD7952 /* SNKeyboardScrollView.app */,
			);
			name = Products;
			sourceTree = "<group>";
		};
		29BBAF281EE7E31300AD7952 /* SNKeyboardScrollView */ = {
			isa = PBXGroup;
			children = (
				29BBAF401EE7E33B00AD7952 /* SNKeyboardScrollView */,
				29BBAF2C1EE7E31300AD7952 /* AppDelegate.h */,
				29BBAF2D1EE7E31300AD7952 /* AppDelegate.m */,
				29BBAF2F1EE7E31300AD7952 /* ViewController.h */,
				29BBAF301EE7E31300AD7952 /* ViewController.m */,
				29BBAF321EE7E31300AD7952 /* Main.storyboard */,
				29BBAF351EE7E31300AD7952 /* Assets.xcassets */,
				29BBAF371EE7E31300AD7952 /* LaunchScreen.storyboard */,
				29BBAF3A1EE7E31300AD7952 /* Info.plist */,
				29BBAF291EE7E31300AD7952 /* Supporting Files */,
			);
			path = SNKeyboardScrollView;
			sourceTree = "<group>";
		};
		29BBAF291EE7E31300AD7952 /* Supporting Files */ = {
			isa = PBXGroup;
			children = (
				29BBAF2A1EE7E31300AD7952 /* main.m */,
			);
			name = "Supporting Files";
			sourceTree = "<group>";
		};
		29BBAF401EE7E33B00AD7952 /* SNKeyboardScrollView */ = {
			isa = PBXGroup;
			children = (
				29BBAF411EE7E35200AD7952 /* SNKeyboardScrollView.h */,
				29BBAF421EE7E35200AD7952 /* SNKeyboardScrollView.m */,
			);
			path = SNKeyboardScrollView;
			sourceTree = "<group>";
		};
/* End PBXGroup section */

/* Begin PBXNativeTarget section */
		29BBAF251EE7E31300AD7952 /* SNKeyboardScrollView */ = {
			isa = PBXNativeTarget;
			buildConfigurationList = 29BBAF3D1EE7E31300AD7952 /* Build configuration list for PBXNativeTarget "SNKeyboardScrollView" */;
			buildPhases = (
				29BBAF221EE7E31300AD7952 /* Sources */,
				29BBAF231EE7E31300AD7952 /* Frameworks */,
				29BBAF241EE7E31300AD7952 /* Resources */,
			);
			buildRules = (
			);
			dependencies = (
			);
			name = SNKeyboardScrollView;
			productName = SNKeyboardScrollView;
			productReference = 29BBAF261EE7E31300AD7952 /* SNKeyboardScrollView.app */;
			productType = "com.apple.product-type.application";
		};
/* End PBXNativeTarget section */

/* Begin PBXProject section */
		29BBAF1E1EE7E31300AD7952 /* Project object */ = {
			isa = PBXProject;
			attributes = {
				LastUpgradeCheck = 0830;
				ORGANIZATIONNAME = Shawn;
				TargetAttributes = {
					29BBAF251EE7E31300AD7952 = {
						CreatedOnToolsVersion = 8.3.3;
						ProvisioningStyle = Automatic;
					};
				};
			};
			buildConfigurationList = 29BBAF211EE7E31300AD7952 /* Build configuration list for PBXProject "SNKeyboardScrollView" */;
			compatibilityVersion = "Xcode 3.2";
			developmentRegion = English;
			hasScannedForEncodings = 0;
			knownRegions = (
				en,
				Base,
			);
			mainGroup = 29BBAF1D1EE7E31300AD7952;
			productRefGroup = 29BBAF271EE7E31300AD7952 /* Products */;
			projectDirPath = "";
			projectRoot = "";
			targets = (
				29BBAF251EE7E31300AD7952 /* SNKeyboardScrollView */,
			);
		};
/* End PBXProject section */

/* Begin PBXResourcesBuildPhase section */
		29BBAF241EE7E31300AD7952 /* Resources */ = {
			isa = PBXResourcesBuildPhase;
			buildActionMask = 2147483647;
			files = (
				29BBAF391EE7E31300AD7952 /* LaunchScreen.storyboard in Resources */,
				29BBAF361EE7E31300AD7952 /* Assets.xcassets in Resources */,
				29BBAF341EE7E31300AD7952 /* Main.storyboard in Resources */,
			);
			runOnlyForDeploymentPostprocessing = 0;
		};
/* End PBXResourcesBuildPhase section */

/* Begin PBXSourcesBuildPhase section */
		29BBAF221EE7E31300AD7952 /* Sources */ = {
			isa = PBXSourcesBuildPhase;
			buildActionMask = 2147483647;
			files = (
				29BBAF311EE7E31300AD7952 /* ViewController.m in Sources */,
				29BBAF431EE7E35200AD7952 /* SNKeyboardScrollView.m in Sources */,
				29BBAF2E1EE7E31300AD7952 /* AppDelegate.m in Sources */,
				29BBAF2B1EE7E31300AD7952 /* main.m in Sources */,
			);
			runOnlyForDeploymentPostprocessing = 0;
		};
/* End PBXSourcesBuildPhase section */

/* Begin PBXVariantGroup section */
		29BBAF321EE7E31300AD7952 /* Main.storyboard */ = {
			isa = PBXVariantGroup;
			children = (
				29BBAF331EE7E31300AD7952 /* Base */,
			);
			name = Main.storyboard;
			sourceTree = "<group>";
		};
		29BBAF371EE7E31300AD7952 /* LaunchScreen.storyboard */ = {
			isa = PBXVariantGroup;
			children = (
				29BBAF381EE7E31300AD7952 /* Base */,
			);
			name = LaunchScreen.storyboard;
			sourceTree = "<group>";
		};
/* End PBXVariantGroup section */

/* Begin XCBuildConfiguration section */
		29BBAF3B1EE7E31300AD7952 /* Debug */ = {
			isa = XCBuildConfiguration;
			buildSettings = {
				ALWAYS_SEARCH_USER_PATHS = NO;
				CLANG_ANALYZER_NONNULL = YES;
				CLANG_ANALYZER_NUMBER_OBJECT_CONVERSION = YES_AGGRESSIVE;
				CLANG_CXX_LANGUAGE_STANDARD = "gnu++0x";
				CLANG_CXX_LIBRARY = "libc++";
				CLANG_ENABLE_MODULES = YES;
				CLANG_ENABLE_OBJC_ARC = YES;
				CLANG_WARN_BOOL_CONVERSION = YES;
				CLANG_WARN_CONSTANT_CONVERSION = YES;
				CLANG_WARN_DIRECT_OBJC_ISA_USAGE = YES_ERROR;
				CLANG_WARN_DOCUMENTATION_COMMENTS = YES;
				CLANG_WARN_EMPTY_BODY = YES;
				CLANG_WARN_ENUM_CONVERSION = YES;
				CLANG_WARN_INFINITE_RECURSION = YES;
				CLANG_WARN_INT_CONVERSION = YES;
				CLANG_WARN_OBJC_ROOT_CLASS = YES_ERROR;
				CLANG_WARN_SUSPICIOUS_MOVE = YES;
				CLANG_WARN_UNREACHABLE_CODE = YES;
				CLANG_WARN__DUPLICATE_METHOD_MATCH = YES;
				"CODE_SIGN_IDENTITY[sdk=iphoneos*]" = "iPhone Developer";
				COPY_PHASE_STRIP = NO;
				DEBUG_INFORMATION_FORMAT = dwarf;
				ENABLE_STRICT_OBJC_MSGSEND = YES;
				ENABLE_TESTABILITY = YES;
				GCC_C_LANGUAGE_STANDARD = gnu99;
				GCC_DYNAMIC_NO_PIC = NO;
				GCC_NO_COMMON_BLOCKS = YES;
				GCC_OPTIMIZATION_LEVEL = 0;
				GCC_PREPROCESSOR_DEFINITIONS = (
					"DEBUG=1",
					"$(inherited)",
				);
				GCC_WARN_64_TO_32_BIT_CONVERSION = YES;
				GCC_WARN_ABOUT_RETURN_TYPE = YES_ERROR;
				GCC_WARN_UNDECLARED_SELECTOR = YES;
				GCC_WARN_UNINITIALIZED_AUTOS = YES_AGGRESSIVE;
				GCC_WARN_UNUSED_FUNCTION = YES;
				GCC_WARN_UNUSED_VARIABLE = YES;
				IPHONEOS_DEPLOYMENT_TARGET = 10.3;
				MTL_ENABLE_DEBUG_INFO = YES;
				ONLY_ACTIVE_ARCH = YES;
				SDKROOT = iphoneos;
			};
			name = Debug;
		};
		29BBAF3C1EE7E31300AD7952 /* Release */ = {
			isa = XCBuildConfiguration;
			buildSettings = {
				ALWAYS_SEARCH_USER_PATHS = NO;
				CLANG_ANALYZER_NONNULL = YES;
				CLANG_ANALYZER_NUMBER_OBJECT_CONVERSION = YES_AGGRESSIVE;
				CLANG_CXX_LANGUAGE_STANDARD = "gnu++0x";
				CLANG_CXX_LIBRARY = "libc++";
				CLANG_ENABLE_MODULES = YES;
				CLANG_ENABLE_OBJC_ARC = YES;
				CLANG_WARN_BOOL_CONVERSION = YES;
				CLANG_WARN_CONSTANT_CONVERSION = YES;
				CLANG_WARN_DIRECT_OBJC_ISA_USAGE = YES_ERROR;
				CLANG_WARN_DOCUMENTATION_COMMENTS = YES;
				CLANG_WARN_EMPTY_BODY = YES;
				CLANG_WARN_ENUM_CONVERSION = YES;
				CLANG_WARN_INFINITE_RECURSION = YES;
				CLANG_WARN_INT_CONVERSION = YES;
				CLANG_WARN_OBJC_ROOT_CLASS = YES_ERROR;
				CLANG_WARN_SUSPICIOUS_MOVE = YES;
				CLANG_WARN_UNREACHABLE_CODE = YES;
				CLANG_WARN__DUPLICATE_METHOD_MATCH = YES;
				"CODE_SIGN_IDENTITY[sdk=iphoneos*]" = "iPhone Developer";
				COPY_PHASE_STRIP = NO;
				DEBUG_INFORMATION_FORMAT = "dwarf-with-dsym";
				ENABLE_NS_ASSERTIONS = NO;
				ENABLE_STRICT_OBJC_MSGSEND = YES;
				GCC_C_LANGUAGE_STANDARD = gnu99;
				GCC_NO_COMMON_BLOCKS = YES;
				GCC_WARN_64_TO_32_BIT_CONVERSION = YES;
				GCC_WARN_ABOUT_RETURN_TYPE = YES_ERROR;
				GCC_WARN_UNDECLARED_SELECTOR = YES;
				GCC_WARN_UNINITIALIZED_AUTOS = YES_AGGRESSIVE;
				GCC_WARN_UNUSED_FUNCTION = YES;
				GCC_WARN_UNUSED_VARIABLE = YES;
				IPHONEOS_DEPLOYMENT_TARGET = 10.3;
				MTL_ENABLE_DEBUG_INFO = NO;
				SDKROOT = iphoneos;
				VALIDATE_PRODUCT = YES;
			};
			name = Release;
		};
		29BBAF3E1EE7E31300AD7952 /* Debug */ = {
			isa = XCBuildConfiguration;
			buildSettings = {
				ASSETCATALOG_COMPILER_APPICON_NAME = AppIcon;
				INFOPLIST_FILE = SNKeyboardScrollView/Info.plist;
				LD_RUNPATH_SEARCH_PATHS = "$(inherited) @executable_path/Frameworks";
				PRODUCT_BUNDLE_IDENTIFIER = "com.Demonic-Technologies.SNKeyboardScrollView";
				PRODUCT_NAME = "$(TARGET_NAME)";
			};
			name = Debug;
		};
		29BBAF3F1EE7E31300AD7952 /* Release */ = {
			isa = XCBuildConfiguration;
			buildSettings = {
				ASSETCATALOG_COMPILER_APPICON_NAME = AppIcon;
				INFOPLIST_FILE = SNKeyboardScrollView/Info.plist;
				LD_RUNPATH_SEARCH_PATHS = "$(inherited) @executable_path/Frameworks";
				PRODUCT_BUNDLE_IDENTIFIER = "com.Demonic-Technologies.SNKeyboardScrollView";
				PRODUCT_NAME = "$(TARGET_NAME)";
			};
			name = Release;
		};
/* End XCBuildConfiguration section */

/* Begin XCConfigurationList section */
		29BBAF211EE7E31300AD7952 /* Build configuration list for PBXProject "SNKeyboardScrollView" */ = {
			isa = XCConfigurationList;
			buildConfigurations = (
				29BBAF3B1EE7E31300AD7952 /* Debug */,
				29BBAF3C1EE7E31300AD7952 /* Release */,
			);
			defaultConfigurationIsVisible = 0;
			defaultConfigurationName = Release;
		};
		29BBAF3D1EE7E31300AD7952 /* Build configuration list for PBXNativeTarget "SNKeyboardScrollView" */ = {
			isa = XCConfigurationList;
			buildConfigurations = (
				29BBAF3E1EE7E31300AD7952 /* Debug */,
				29BBAF3F1EE7E31300AD7952 /* Release */,
			);
			defaultConfigurationIsVisible = 0;
		};
/* End XCConfigurationList section */
	};
	rootObject = 29BBAF1E1EE7E31300AD7952 /* Project object */;
}
